
Microsoft Visual Studio Solution File, Format Version 12.00
# Visual Studio 15
VisualStudioVersion = 15.0.26730.16
MinimumVisualStudioVersion = 10.0.40219.1
Project("{FAE04EC0-301F-11D3-BF4B-00C04F79EFBC}") = "Task 1", "15-Exceptions\Task 1.csproj", "{B28356CC-941E-4ACA-8595-3B3DB6BCBBD7}"
EndProject
Project("{FAE04EC0-301F-11D3-BF4B-00C04F79EFBC}") = "Task 2", "Task 2\Task 2.csproj", "{EAD76E6E-062B-42A6-BCED-91BACC166C4F}"
EndProject
Global
	GlobalSection(SolutionConfigurationPlatforms) = preSolution
		Debug|Any CPU = Debug|Any CPU
		Release|Any CPU = Release|Any CPU
	EndGlobalSection
	GlobalSection(ProjectConfigurationPlatforms) = postSolution
		{B28356CC-941E-4ACA-8595-3B3DB6BCBBD7}.Debug|Any CPU.ActiveCfg = Debug|Any CPU
		{B28356CC-941E-4ACA-8595-3B3DB6BCBBD7}.Debug|Any CPU.Build.0 = Debug|Any CPU
		{B28356CC-941E-4ACA-8595-3B3DB6BCBBD7}.Release|Any CPU.ActiveCfg = Release|Any CPU
		{B28356CC-941E-4ACA-8595-3B3DB6BCBBD7}.Release|Any CPU.Build.0 = Release|Any CPU
		{EAD76E6E-062B-42A6-BCED-91BACC166C4F}.Debug|Any CPU.ActiveCfg = Debug|Any CPU
		{EAD76E6E-062B-42A6-BCED-91BACC166C4F}.Debug|Any CPU.Build.0 = Debug|Any CPU
		{EAD76E6E-062B-42A6-BCED-91BACC166C4F}.Release|Any CPU.ActiveCfg = Release|Any CPU
		{EAD76E6E-062B-42A6-BCED-91BACC166C4F}.Release|Any CPU.Build.0 = Release|Any CPU
	EndGlobalSection
	GlobalSection(SolutionProperties) = preSolution
		HideSolutionNode = FALSE
	EndGlobalSection
	GlobalSection(ExtensibilityGlobals) = postSolution
		SolutionGuid = {A73E7642-629F-4D91-AEA9-2B1EDA42797C}
	EndGlobalSection
EndGlobal
