
Microsoft Visual Studio Solution File, Format Version 12.00
# Visual Studio 15
VisualStudioVersion = 15.0.26730.16
MinimumVisualStudioVersion = 10.0.40219.1
Project("{FAE04EC0-301F-11D3-BF4B-00C04F79EFBC}") = "Task 1", "19-System Collections\Task 1.csproj", "{D85AEE03-926A-4B68-A0E5-8AE881A9DD49}"
EndProject
Project("{FAE04EC0-301F-11D3-BF4B-00C04F79EFBC}") = "Task 2", "Task 2\Task 2.csproj", "{B1308F1B-77EA-4D05-B237-E460DBBA8C91}"
EndProject
Global
	GlobalSection(SolutionConfigurationPlatforms) = preSolution
		Debug|Any CPU = Debug|Any CPU
		Release|Any CPU = Release|Any CPU
	EndGlobalSection
	GlobalSection(ProjectConfigurationPlatforms) = postSolution
		{D85AEE03-926A-4B68-A0E5-8AE881A9DD49}.Debug|Any CPU.ActiveCfg = Debug|Any CPU
		{D85AEE03-926A-4B68-A0E5-8AE881A9DD49}.Debug|Any CPU.Build.0 = Debug|Any CPU
		{D85AEE03-926A-4B68-A0E5-8AE881A9DD49}.Release|Any CPU.ActiveCfg = Release|Any CPU
		{D85AEE03-926A-4B68-A0E5-8AE881A9DD49}.Release|Any CPU.Build.0 = Release|Any CPU
		{B1308F1B-77EA-4D05-B237-E460DBBA8C91}.Debug|Any CPU.ActiveCfg = Debug|Any CPU
		{B1308F1B-77EA-4D05-B237-E460DBBA8C91}.Debug|Any CPU.Build.0 = Debug|Any CPU
		{B1308F1B-77EA-4D05-B237-E460DBBA8C91}.Release|Any CPU.ActiveCfg = Release|Any CPU
		{B1308F1B-77EA-4D05-B237-E460DBBA8C91}.Release|Any CPU.Build.0 = Release|Any CPU
	EndGlobalSection
	GlobalSection(SolutionProperties) = preSolution
		HideSolutionNode = FALSE
	EndGlobalSection
	GlobalSection(ExtensibilityGlobals) = postSolution
		SolutionGuid = {4A1CBAD8-C4DA-463F-8846-8C742A14602D}
	EndGlobalSection
EndGlobal
