
Microsoft Visual Studio Solution File, Format Version 12.00
# Visual Studio 15
VisualStudioVersion = 15.0.26730.16
MinimumVisualStudioVersion = 10.0.40219.1
Project("{FAE04EC0-301F-11D3-BF4B-00C04F79EFBC}") = "Task 1", "14-Collections\Task 1.csproj", "{37B29202-C5C0-46BA-839B-1E3DC1ECA328}"
EndProject
Project("{FAE04EC0-301F-11D3-BF4B-00C04F79EFBC}") = "Task 2", "Task 2\Task 2.csproj", "{A7249486-8FF9-4F4B-89F8-CF79B66CA70A}"
EndProject
Project("{FAE04EC0-301F-11D3-BF4B-00C04F79EFBC}") = "Task 3", "Task 3\Task 3.csproj", "{3D183BB2-5F6B-48D8-AF3F-37CA74EB6EF3}"
EndProject
Global
	GlobalSection(SolutionConfigurationPlatforms) = preSolution
		Debug|Any CPU = Debug|Any CPU
		Release|Any CPU = Release|Any CPU
	EndGlobalSection
	GlobalSection(ProjectConfigurationPlatforms) = postSolution
		{37B29202-C5C0-46BA-839B-1E3DC1ECA328}.Debug|Any CPU.ActiveCfg = Debug|Any CPU
		{37B29202-C5C0-46BA-839B-1E3DC1ECA328}.Debug|Any CPU.Build.0 = Debug|Any CPU
		{37B29202-C5C0-46BA-839B-1E3DC1ECA328}.Release|Any CPU.ActiveCfg = Release|Any CPU
		{37B29202-C5C0-46BA-839B-1E3DC1ECA328}.Release|Any CPU.Build.0 = Release|Any CPU
		{A7249486-8FF9-4F4B-89F8-CF79B66CA70A}.Debug|Any CPU.ActiveCfg = Debug|Any CPU
		{A7249486-8FF9-4F4B-89F8-CF79B66CA70A}.Debug|Any CPU.Build.0 = Debug|Any CPU
		{A7249486-8FF9-4F4B-89F8-CF79B66CA70A}.Release|Any CPU.ActiveCfg = Release|Any CPU
		{A7249486-8FF9-4F4B-89F8-CF79B66CA70A}.Release|Any CPU.Build.0 = Release|Any CPU
		{3D183BB2-5F6B-48D8-AF3F-37CA74EB6EF3}.Debug|Any CPU.ActiveCfg = Debug|Any CPU
		{3D183BB2-5F6B-48D8-AF3F-37CA74EB6EF3}.Debug|Any CPU.Build.0 = Debug|Any CPU
		{3D183BB2-5F6B-48D8-AF3F-37CA74EB6EF3}.Release|Any CPU.ActiveCfg = Release|Any CPU
		{3D183BB2-5F6B-48D8-AF3F-37CA74EB6EF3}.Release|Any CPU.Build.0 = Release|Any CPU
	EndGlobalSection
	GlobalSection(SolutionProperties) = preSolution
		HideSolutionNode = FALSE
	EndGlobalSection
	GlobalSection(ExtensibilityGlobals) = postSolution
		SolutionGuid = {F6551361-B087-4204-837A-DB69CEA84BCB}
	EndGlobalSection
EndGlobal
