
Microsoft Visual Studio Solution File, Format Version 12.00
# Visual Studio 15
VisualStudioVersion = 15.0.26730.16
MinimumVisualStudioVersion = 10.0.40219.1
Project("{FAE04EC0-301F-11D3-BF4B-00C04F79EFBC}") = "24-Attributes", "24-Attributes\24-Attributes.csproj", "{47154C73-3018-433B-B368-6383B5E38124}"
EndProject
Project("{FAE04EC0-301F-11D3-BF4B-00C04F79EFBC}") = "Task 2", "Task 2\Task 2.csproj", "{A59B49ED-973B-4C8A-9CCB-5B66A3C9CE5F}"
EndProject
Global
	GlobalSection(SolutionConfigurationPlatforms) = preSolution
		Debug|Any CPU = Debug|Any CPU
		Release|Any CPU = Release|Any CPU
	EndGlobalSection
	GlobalSection(ProjectConfigurationPlatforms) = postSolution
		{47154C73-3018-433B-B368-6383B5E38124}.Debug|Any CPU.ActiveCfg = Debug|Any CPU
		{47154C73-3018-433B-B368-6383B5E38124}.Debug|Any CPU.Build.0 = Debug|Any CPU
		{47154C73-3018-433B-B368-6383B5E38124}.Release|Any CPU.ActiveCfg = Release|Any CPU
		{47154C73-3018-433B-B368-6383B5E38124}.Release|Any CPU.Build.0 = Release|Any CPU
		{A59B49ED-973B-4C8A-9CCB-5B66A3C9CE5F}.Debug|Any CPU.ActiveCfg = Debug|Any CPU
		{A59B49ED-973B-4C8A-9CCB-5B66A3C9CE5F}.Debug|Any CPU.Build.0 = Debug|Any CPU
		{A59B49ED-973B-4C8A-9CCB-5B66A3C9CE5F}.Release|Any CPU.ActiveCfg = Release|Any CPU
		{A59B49ED-973B-4C8A-9CCB-5B66A3C9CE5F}.Release|Any CPU.Build.0 = Release|Any CPU
	EndGlobalSection
	GlobalSection(SolutionProperties) = preSolution
		HideSolutionNode = FALSE
	EndGlobalSection
	GlobalSection(ExtensibilityGlobals) = postSolution
		SolutionGuid = {6874C0BE-A08F-41FA-A5A2-7DC7B48EA7EC}
	EndGlobalSection
EndGlobal
