
Microsoft Visual Studio Solution File, Format Version 12.00
# Visual Studio 15
VisualStudioVersion = 15.0.26730.16
MinimumVisualStudioVersion = 10.0.40219.1
Project("{FAE04EC0-301F-11D3-BF4B-00C04F79EFBC}") = "Task 1", "31-TPL\Task 1.csproj", "{880C1C14-0D3E-4932-B986-B6FB2D7379EF}"
EndProject
Project("{FAE04EC0-301F-11D3-BF4B-00C04F79EFBC}") = "Task 2", "Task 2\Task 2.csproj", "{29FCB24F-9090-42EF-B78C-8773F9E40DA0}"
EndProject
Global
	GlobalSection(SolutionConfigurationPlatforms) = preSolution
		Debug|Any CPU = Debug|Any CPU
		Release|Any CPU = Release|Any CPU
	EndGlobalSection
	GlobalSection(ProjectConfigurationPlatforms) = postSolution
		{880C1C14-0D3E-4932-B986-B6FB2D7379EF}.Debug|Any CPU.ActiveCfg = Debug|Any CPU
		{880C1C14-0D3E-4932-B986-B6FB2D7379EF}.Debug|Any CPU.Build.0 = Debug|Any CPU
		{880C1C14-0D3E-4932-B986-B6FB2D7379EF}.Release|Any CPU.ActiveCfg = Release|Any CPU
		{880C1C14-0D3E-4932-B986-B6FB2D7379EF}.Release|Any CPU.Build.0 = Release|Any CPU
		{29FCB24F-9090-42EF-B78C-8773F9E40DA0}.Debug|Any CPU.ActiveCfg = Debug|Any CPU
		{29FCB24F-9090-42EF-B78C-8773F9E40DA0}.Debug|Any CPU.Build.0 = Debug|Any CPU
		{29FCB24F-9090-42EF-B78C-8773F9E40DA0}.Release|Any CPU.ActiveCfg = Release|Any CPU
		{29FCB24F-9090-42EF-B78C-8773F9E40DA0}.Release|Any CPU.Build.0 = Release|Any CPU
	EndGlobalSection
	GlobalSection(SolutionProperties) = preSolution
		HideSolutionNode = FALSE
	EndGlobalSection
	GlobalSection(ExtensibilityGlobals) = postSolution
		SolutionGuid = {7DC1E4D8-9B61-4041-9859-D0F18331BD2B}
	EndGlobalSection
EndGlobal
