
Microsoft Visual Studio Solution File, Format Version 12.00
# Visual Studio 15
VisualStudioVersion = 15.0.26730.16
MinimumVisualStudioVersion = 10.0.40219.1
Project("{FAE04EC0-301F-11D3-BF4B-00C04F79EFBC}") = "21-Strings_and_Regulars", "21-Strings_and_Regulars\21-Strings_and_Regulars.csproj", "{640B7B9A-F084-4B8A-BF3C-232D10076902}"
EndProject
Global
	GlobalSection(SolutionConfigurationPlatforms) = preSolution
		Debug|Any CPU = Debug|Any CPU
		Release|Any CPU = Release|Any CPU
	EndGlobalSection
	GlobalSection(ProjectConfigurationPlatforms) = postSolution
		{640B7B9A-F084-4B8A-BF3C-232D10076902}.Debug|Any CPU.ActiveCfg = Debug|Any CPU
		{640B7B9A-F084-4B8A-BF3C-232D10076902}.Debug|Any CPU.Build.0 = Debug|Any CPU
		{640B7B9A-F084-4B8A-BF3C-232D10076902}.Release|Any CPU.ActiveCfg = Release|Any CPU
		{640B7B9A-F084-4B8A-BF3C-232D10076902}.Release|Any CPU.Build.0 = Release|Any CPU
	EndGlobalSection
	GlobalSection(SolutionProperties) = preSolution
		HideSolutionNode = FALSE
	EndGlobalSection
	GlobalSection(ExtensibilityGlobals) = postSolution
		SolutionGuid = {0DA068F8-51E9-44CF-8D94-AEA715A3F9E1}
	EndGlobalSection
EndGlobal
