
Microsoft Visual Studio Solution File, Format Version 12.00
# Visual Studio 15
VisualStudioVersion = 15.0.26730.16
MinimumVisualStudioVersion = 10.0.40219.1
Project("{FAE04EC0-301F-11D3-BF4B-00C04F79EFBC}") = "ManyToMany", "ManyToMany\ManyToMany.csproj", "{AFFF5BF5-481A-489E-AE40-8DB9734613BB}"
EndProject
Global
	GlobalSection(SolutionConfigurationPlatforms) = preSolution
		Debug|Any CPU = Debug|Any CPU
		Release|Any CPU = Release|Any CPU
	EndGlobalSection
	GlobalSection(ProjectConfigurationPlatforms) = postSolution
		{AFFF5BF5-481A-489E-AE40-8DB9734613BB}.Debug|Any CPU.ActiveCfg = Debug|Any CPU
		{AFFF5BF5-481A-489E-AE40-8DB9734613BB}.Debug|Any CPU.Build.0 = Debug|Any CPU
		{AFFF5BF5-481A-489E-AE40-8DB9734613BB}.Release|Any CPU.ActiveCfg = Release|Any CPU
		{AFFF5BF5-481A-489E-AE40-8DB9734613BB}.Release|Any CPU.Build.0 = Release|Any CPU
	EndGlobalSection
	GlobalSection(SolutionProperties) = preSolution
		HideSolutionNode = FALSE
	EndGlobalSection
	GlobalSection(ExtensibilityGlobals) = postSolution
		SolutionGuid = {24A08923-40FF-4DA8-BB1E-55D922878C23}
	EndGlobalSection
EndGlobal
