
Microsoft Visual Studio Solution File, Format Version 12.00
# Visual Studio 15
VisualStudioVersion = 15.0.26730.16
MinimumVisualStudioVersion = 10.0.40219.1
Project("{FAE04EC0-301F-11D3-BF4B-00C04F79EFBC}") = "Task 1", "30-IAsincResultPattern\Task 1.csproj", "{7D99DA65-A910-46F0-84C6-ADDE0D426008}"
EndProject
Project("{FAE04EC0-301F-11D3-BF4B-00C04F79EFBC}") = "Task2", "Task2\Task2.csproj", "{C5B5CC62-AFFC-4054-8E96-D9B123F92A8E}"
EndProject
Global
	GlobalSection(SolutionConfigurationPlatforms) = preSolution
		Debug|Any CPU = Debug|Any CPU
		Release|Any CPU = Release|Any CPU
	EndGlobalSection
	GlobalSection(ProjectConfigurationPlatforms) = postSolution
		{7D99DA65-A910-46F0-84C6-ADDE0D426008}.Debug|Any CPU.ActiveCfg = Debug|Any CPU
		{7D99DA65-A910-46F0-84C6-ADDE0D426008}.Debug|Any CPU.Build.0 = Debug|Any CPU
		{7D99DA65-A910-46F0-84C6-ADDE0D426008}.Release|Any CPU.ActiveCfg = Release|Any CPU
		{7D99DA65-A910-46F0-84C6-ADDE0D426008}.Release|Any CPU.Build.0 = Release|Any CPU
		{C5B5CC62-AFFC-4054-8E96-D9B123F92A8E}.Debug|Any CPU.ActiveCfg = Debug|Any CPU
		{C5B5CC62-AFFC-4054-8E96-D9B123F92A8E}.Debug|Any CPU.Build.0 = Debug|Any CPU
		{C5B5CC62-AFFC-4054-8E96-D9B123F92A8E}.Release|Any CPU.ActiveCfg = Release|Any CPU
		{C5B5CC62-AFFC-4054-8E96-D9B123F92A8E}.Release|Any CPU.Build.0 = Release|Any CPU
	EndGlobalSection
	GlobalSection(SolutionProperties) = preSolution
		HideSolutionNode = FALSE
	EndGlobalSection
	GlobalSection(ExtensibilityGlobals) = postSolution
		SolutionGuid = {48F490C5-A045-4E21-B175-E4672B36C707}
	EndGlobalSection
EndGlobal
