
Microsoft Visual Studio Solution File, Format Version 12.00
# Visual Studio 15
VisualStudioVersion = 15.0.26730.16
MinimumVisualStudioVersion = 10.0.40219.1
Project("{FAE04EC0-301F-11D3-BF4B-00C04F79EFBC}") = "Task 1", "7-Structures and Enum's\Task 1.csproj", "{8E407398-391C-4689-B961-CFC0B8EC7D08}"
EndProject
Project("{FAE04EC0-301F-11D3-BF4B-00C04F79EFBC}") = "Task 2", "Task 2\Task 2.csproj", "{22A8700D-93E6-41EA-B791-E5304C6264C1}"
EndProject
Project("{FAE04EC0-301F-11D3-BF4B-00C04F79EFBC}") = "Task 3", "Task 3\Task 3.csproj", "{B42561DF-919B-4A47-B6AF-E4EE595FA80E}"
EndProject
Global
	GlobalSection(SolutionConfigurationPlatforms) = preSolution
		Debug|Any CPU = Debug|Any CPU
		Release|Any CPU = Release|Any CPU
	EndGlobalSection
	GlobalSection(ProjectConfigurationPlatforms) = postSolution
		{8E407398-391C-4689-B961-CFC0B8EC7D08}.Debug|Any CPU.ActiveCfg = Debug|Any CPU
		{8E407398-391C-4689-B961-CFC0B8EC7D08}.Debug|Any CPU.Build.0 = Debug|Any CPU
		{8E407398-391C-4689-B961-CFC0B8EC7D08}.Release|Any CPU.ActiveCfg = Release|Any CPU
		{8E407398-391C-4689-B961-CFC0B8EC7D08}.Release|Any CPU.Build.0 = Release|Any CPU
		{22A8700D-93E6-41EA-B791-E5304C6264C1}.Debug|Any CPU.ActiveCfg = Debug|Any CPU
		{22A8700D-93E6-41EA-B791-E5304C6264C1}.Debug|Any CPU.Build.0 = Debug|Any CPU
		{22A8700D-93E6-41EA-B791-E5304C6264C1}.Release|Any CPU.ActiveCfg = Release|Any CPU
		{22A8700D-93E6-41EA-B791-E5304C6264C1}.Release|Any CPU.Build.0 = Release|Any CPU
		{B42561DF-919B-4A47-B6AF-E4EE595FA80E}.Debug|Any CPU.ActiveCfg = Debug|Any CPU
		{B42561DF-919B-4A47-B6AF-E4EE595FA80E}.Debug|Any CPU.Build.0 = Debug|Any CPU
		{B42561DF-919B-4A47-B6AF-E4EE595FA80E}.Release|Any CPU.ActiveCfg = Release|Any CPU
		{B42561DF-919B-4A47-B6AF-E4EE595FA80E}.Release|Any CPU.Build.0 = Release|Any CPU
	EndGlobalSection
	GlobalSection(SolutionProperties) = preSolution
		HideSolutionNode = FALSE
	EndGlobalSection
	GlobalSection(ExtensibilityGlobals) = postSolution
		SolutionGuid = {3E33380D-9731-467A-8D65-09E0DF65469A}
	EndGlobalSection
EndGlobal
